
Microsoft Visual Studio Solution File, Format Version 12.00
# Visual Studio Version 16
VisualStudioVersion = 16.0.30523.141
MinimumVisualStudioVersion = 10.0.40219.1
Project("{00D1A9C2-B5F0-4AF3-8072-F6C62B433612}") = "MRMData", "MRMData\MRMData.sqlproj", "{8DB2A1EB-F9FF-4757-8F18-E2CB3F42E34B}"
EndProject
Project("{9A19103F-16F7-4668-BE54-9A1E7A4F7556}") = "MRMDesktopUI", "MRMDesktopUI\MRMDesktopUI.csproj", "{3D9A5CEA-9725-47F5-A93B-9418BA74931B}"
EndProject
Project("{9A19103F-16F7-4668-BE54-9A1E7A4F7556}") = "MRMDataManager.Library", "MRMDataManager.Library\MRMDataManager.Library.csproj", "{22269FB9-69B5-4432-B0A4-B85B3183129E}"
EndProject
Project("{9A19103F-16F7-4668-BE54-9A1E7A4F7556}") = "MRMDesktopUI.Library", "MRMDesktopUI.Library\MRMDesktopUI.Library.csproj", "{DF167C15-2BBC-4FEA-8230-3AED8EB7B63E}"
EndProject
Project("{2150E333-8FDC-42A3-9474-1A3956D46DE8}") = "Database", "Database", "{473A5513-0489-45B4-A8C4-34959735ED46}"
EndProject
Project("{2150E333-8FDC-42A3-9474-1A3956D46DE8}") = "API", "API", "{8D9F6AD1-9E4E-4172-B304-51A8D0ECB0D7}"
EndProject
Project("{2150E333-8FDC-42A3-9474-1A3956D46DE8}") = "WPF", "WPF", "{4FA40B06-865E-4329-AC7E-2865286C8300}"
EndProject
Project("{9A19103F-16F7-4668-BE54-9A1E7A4F7556}") = "MRMApi", "MRMApi\MRMApi.csproj", "{072F37D3-022C-41DE-B4F7-4721D065E5DF}"
EndProject
Global
	GlobalSection(SolutionConfigurationPlatforms) = preSolution
		Debug|Any CPU = Debug|Any CPU
		Release|Any CPU = Release|Any CPU
	EndGlobalSection
	GlobalSection(ProjectConfigurationPlatforms) = postSolution
		{8DB2A1EB-F9FF-4757-8F18-E2CB3F42E34B}.Debug|Any CPU.ActiveCfg = Debug|Any CPU
		{8DB2A1EB-F9FF-4757-8F18-E2CB3F42E34B}.Debug|Any CPU.Build.0 = Debug|Any CPU
		{8DB2A1EB-F9FF-4757-8F18-E2CB3F42E34B}.Debug|Any CPU.Deploy.0 = Debug|Any CPU
		{8DB2A1EB-F9FF-4757-8F18-E2CB3F42E34B}.Release|Any CPU.ActiveCfg = Release|Any CPU
		{8DB2A1EB-F9FF-4757-8F18-E2CB3F42E34B}.Release|Any CPU.Build.0 = Release|Any CPU
		{8DB2A1EB-F9FF-4757-8F18-E2CB3F42E34B}.Release|Any CPU.Deploy.0 = Release|Any CPU
		{3D9A5CEA-9725-47F5-A93B-9418BA74931B}.Debug|Any CPU.ActiveCfg = Debug|Any CPU
		{3D9A5CEA-9725-47F5-A93B-9418BA74931B}.Debug|Any CPU.Build.0 = Debug|Any CPU
		{3D9A5CEA-9725-47F5-A93B-9418BA74931B}.Release|Any CPU.ActiveCfg = Release|Any CPU
		{3D9A5CEA-9725-47F5-A93B-9418BA74931B}.Release|Any CPU.Build.0 = Release|Any CPU
		{22269FB9-69B5-4432-B0A4-B85B3183129E}.Debug|Any CPU.ActiveCfg = Debug|Any CPU
		{22269FB9-69B5-4432-B0A4-B85B3183129E}.Debug|Any CPU.Build.0 = Debug|Any CPU
		{22269FB9-69B5-4432-B0A4-B85B3183129E}.Release|Any CPU.ActiveCfg = Release|Any CPU
		{22269FB9-69B5-4432-B0A4-B85B3183129E}.Release|Any CPU.Build.0 = Release|Any CPU
		{DF167C15-2BBC-4FEA-8230-3AED8EB7B63E}.Debug|Any CPU.ActiveCfg = Debug|Any CPU
		{DF167C15-2BBC-4FEA-8230-3AED8EB7B63E}.Debug|Any CPU.Build.0 = Debug|Any CPU
		{DF167C15-2BBC-4FEA-8230-3AED8EB7B63E}.Release|Any CPU.ActiveCfg = Release|Any CPU
		{DF167C15-2BBC-4FEA-8230-3AED8EB7B63E}.Release|Any CPU.Build.0 = Release|Any CPU
		{072F37D3-022C-41DE-B4F7-4721D065E5DF}.Debug|Any CPU.ActiveCfg = Debug|Any CPU
		{072F37D3-022C-41DE-B4F7-4721D065E5DF}.Debug|Any CPU.Build.0 = Debug|Any CPU
		{072F37D3-022C-41DE-B4F7-4721D065E5DF}.Release|Any CPU.ActiveCfg = Release|Any CPU
		{072F37D3-022C-41DE-B4F7-4721D065E5DF}.Release|Any CPU.Build.0 = Release|Any CPU
	EndGlobalSection
	GlobalSection(SolutionProperties) = preSolution
		HideSolutionNode = FALSE
	EndGlobalSection
	GlobalSection(NestedProjects) = preSolution
		{8DB2A1EB-F9FF-4757-8F18-E2CB3F42E34B} = {473A5513-0489-45B4-A8C4-34959735ED46}
		{3D9A5CEA-9725-47F5-A93B-9418BA74931B} = {4FA40B06-865E-4329-AC7E-2865286C8300}
		{22269FB9-69B5-4432-B0A4-B85B3183129E} = {8D9F6AD1-9E4E-4172-B304-51A8D0ECB0D7}
		{DF167C15-2BBC-4FEA-8230-3AED8EB7B63E} = {4FA40B06-865E-4329-AC7E-2865286C8300}
		{072F37D3-022C-41DE-B4F7-4721D065E5DF} = {8D9F6AD1-9E4E-4172-B304-51A8D0ECB0D7}
	EndGlobalSection
	GlobalSection(ExtensibilityGlobals) = postSolution
		SolutionGuid = {2E2B01C3-77B9-4F07-ADB3-49D973388C70}
	EndGlobalSection
EndGlobal
