
Microsoft Visual Studio Solution File, Format Version 12.00
# Visual Studio Version 16
VisualStudioVersion = 16.0.30523.141
MinimumVisualStudioVersion = 10.0.40219.1
Project("{FAE04EC0-301F-11D3-BF4B-00C04F79EFBC}") = "MRMDataManager", "MRMDataManager\MRMDataManager.csproj", "{ECC8E690-3130-4FE2-AB46-3C592CE15A62}"
EndProject
Project("{00D1A9C2-B5F0-4AF3-8072-F6C62B433612}") = "MRMData", "MRMData\MRMData.sqlproj", "{8DB2A1EB-F9FF-4757-8F18-E2CB3F42E34B}"
EndProject
Project("{FAE04EC0-301F-11D3-BF4B-00C04F79EFBC}") = "MRMDesktopUI", "MRMDesktopUI\MRMDesktopUI.csproj", "{3D9A5CEA-9725-47F5-A93B-9418BA74931B}"
EndProject
Project("{FAE04EC0-301F-11D3-BF4B-00C04F79EFBC}") = "MRMDataManager.Library", "MRMDataManager.Library\MRMDataManager.Library.csproj", "{22269FB9-69B5-4432-B0A4-B85B3183129E}"
EndProject
Global
	GlobalSection(SolutionConfigurationPlatforms) = preSolution
		Debug|Any CPU = Debug|Any CPU
		Release|Any CPU = Release|Any CPU
	EndGlobalSection
	GlobalSection(ProjectConfigurationPlatforms) = postSolution
		{ECC8E690-3130-4FE2-AB46-3C592CE15A62}.Debug|Any CPU.ActiveCfg = Debug|Any CPU
		{ECC8E690-3130-4FE2-AB46-3C592CE15A62}.Debug|Any CPU.Build.0 = Debug|Any CPU
		{ECC8E690-3130-4FE2-AB46-3C592CE15A62}.Release|Any CPU.ActiveCfg = Release|Any CPU
		{ECC8E690-3130-4FE2-AB46-3C592CE15A62}.Release|Any CPU.Build.0 = Release|Any CPU
		{8DB2A1EB-F9FF-4757-8F18-E2CB3F42E34B}.Debug|Any CPU.ActiveCfg = Debug|Any CPU
		{8DB2A1EB-F9FF-4757-8F18-E2CB3F42E34B}.Debug|Any CPU.Build.0 = Debug|Any CPU
		{8DB2A1EB-F9FF-4757-8F18-E2CB3F42E34B}.Debug|Any CPU.Deploy.0 = Debug|Any CPU
		{8DB2A1EB-F9FF-4757-8F18-E2CB3F42E34B}.Release|Any CPU.ActiveCfg = Release|Any CPU
		{8DB2A1EB-F9FF-4757-8F18-E2CB3F42E34B}.Release|Any CPU.Build.0 = Release|Any CPU
		{8DB2A1EB-F9FF-4757-8F18-E2CB3F42E34B}.Release|Any CPU.Deploy.0 = Release|Any CPU
		{3D9A5CEA-9725-47F5-A93B-9418BA74931B}.Debug|Any CPU.ActiveCfg = Debug|Any CPU
		{3D9A5CEA-9725-47F5-A93B-9418BA74931B}.Debug|Any CPU.Build.0 = Debug|Any CPU
		{3D9A5CEA-9725-47F5-A93B-9418BA74931B}.Release|Any CPU.ActiveCfg = Release|Any CPU
		{3D9A5CEA-9725-47F5-A93B-9418BA74931B}.Release|Any CPU.Build.0 = Release|Any CPU
		{22269FB9-69B5-4432-B0A4-B85B3183129E}.Debug|Any CPU.ActiveCfg = Debug|Any CPU
		{22269FB9-69B5-4432-B0A4-B85B3183129E}.Debug|Any CPU.Build.0 = Debug|Any CPU
		{22269FB9-69B5-4432-B0A4-B85B3183129E}.Release|Any CPU.ActiveCfg = Release|Any CPU
		{22269FB9-69B5-4432-B0A4-B85B3183129E}.Release|Any CPU.Build.0 = Release|Any CPU
	EndGlobalSection
	GlobalSection(SolutionProperties) = preSolution
		HideSolutionNode = FALSE
	EndGlobalSection
	GlobalSection(ExtensibilityGlobals) = postSolution
		SolutionGuid = {2E2B01C3-77B9-4F07-ADB3-49D973388C70}
	EndGlobalSection
EndGlobal
